github.com/go-chi/chi/v5 v5.2.3 h1:WQIt9uxdsAbgIYgid+BpYc+liqQZGMHRaUwp0JUcvdE=
github.com/go-chi/chi/v5 v5.2.3/go.mod h1:L2yAIGWB3H+phAw1NxKwWM+7eUH/lU8pOMm5hHcoops=
github.com/k2-fsa/sherpa-onnx-go v1.12.20 h1:tQYCk7U2VrL6dO6LRPSJiDZgtXOzISoHaAgMhSa1tkw=
github.com/k2-fsa/sherpa-onnx-go v1.12.20/go.mod h1:B/ynRbVa5gpYoZYeYgY3zPi4MTfKk95UZueZDSIhbjk=
github.com/k2-fsa/sherpa-onnx-go-linux v1.12.20 h1:0NY5XVRX/unNDLDAkR3q8jXTUZ1WNTLiPP8MUSELWnQ=
github.com/k2-fsa/sherpa-onnx-go-linux v1.12.20/go.mod h1:NXEH2rsBgTdqY59YpPq6CtSBlBAXy/8a9FmpLERU97I=
github.com/k2-fsa/sherpa-onnx-go-macos v1.12.20 h1:9CrKABoDHx/BsFOv3uZcaG1bDjR+5TSK975gS3bNNjI=
github.com/k2-fsa/sherpa-onnx-go-macos v1.12.20/go.mod h1:ZOhUAXC62Unj0ZNfu6zxSFKcW96aXf7P3BsqiUyOBbE=
github.com/k2-fsa/sherpa-onnx-go-windows v1.12.20 h1:1Qsp4vkngTkEDxlc+GfA+/1B8ypbxIE0p8fsnfaSlkg=
github.com/k2-fsa/sherpa-onnx-go-windows v1.12.20/go.mod h1:5AX7TU8+P/gInjglY1ijtWUM2b8iyR0QX4yEngzMe64=
